
Microsoft Visual Studio Solution File, Format Version 12.00
Project("{FAE04EC0-301F-11D3-BF4B-00C04F79EFBC}") = "ChihuahuaOS.Bootloader", "Boot/ChihuahuaOS.Bootloader/ChihuahuaOS.Bootloader.csproj", "{F67A7C2B-CD0C-463B-BD40-E91A64568504}"
EndProject
Project("{FAE04EC0-301F-11D3-BF4B-00C04F79EFBC}") = "ChihuahuaOS.CoreLib", "StaticLibs/CoreLib/ChihuahuaOS.CoreLib/ChihuahuaOS.CoreLib.csproj", "{38A64220-2E9C-47C7-B0C1-30326E60FF17}"
EndProject
Project("{FAE04EC0-301F-11D3-BF4B-00C04F79EFBC}") = "ChihuahuaOS.EfiApi", "Boot/ChihuahuaOS.EfiApi/ChihuahuaOS.EfiApi.csproj", "{26229BE9-4641-4CAE-BE98-3D439B205ACD}"
EndProject
Project("{FAE04EC0-301F-11D3-BF4B-00C04F79EFBC}") = "ChihuahuaOS.CoreLib.Efi", "StaticLibs\CoreLib\ChihuahuaOS.CoreLib.Efi\ChihuahuaOS.CoreLib.Efi.csproj", "{CA1874C5-2862-4C53-A9D5-375B7F5E57D4}"
EndProject
Project("{2150E333-8FDC-42A3-9474-1A3956D46DE8}") = "Boot", "Boot", "{EE7AB17E-E8F9-4D30-B31E-9741B5AC8FC2}"
EndProject
Project("{2150E333-8FDC-42A3-9474-1A3956D46DE8}") = "StaticLibs", "StaticLibs", "{CC772E6E-E554-4CB9-BB09-4B10C1827C84}"
EndProject
Project("{FAE04EC0-301F-11D3-BF4B-00C04F79EFBC}") = "ChihuahuaOS.MemPaginator", "StaticLibs\ChihuahuaOS.MemPaginator\ChihuahuaOS.MemPaginator.csproj", "{1D757830-E194-4983-89F3-3217E2248990}"
EndProject
Project("{FAE04EC0-301F-11D3-BF4B-00C04F79EFBC}") = "ChihuahuaOS.Elf", "StaticLibs\ChihuahuaOS.Elf\ChihuahuaOS.Elf.csproj", "{D8A77994-D296-4B3B-A3F2-CA0E99B6219A}"
EndProject
Project("{2150E333-8FDC-42A3-9474-1A3956D46DE8}") = "Kernel", "Kernel", "{73149CBB-AB1C-42E1-B1F8-91E88B62F337}"
EndProject
Project("{FAE04EC0-301F-11D3-BF4B-00C04F79EFBC}") = "ChihuahuaOS.Kernel", "Kernel\ChihuahuaOS.Kernel\ChihuahuaOS.Kernel.csproj", "{21886A49-EC82-4D86-8ECE-1AC728973765}"
EndProject
Project("{FAE04EC0-301F-11D3-BF4B-00C04F79EFBC}") = "ChihuahuaOS.BootParams", "Boot\ChihuahuaOS.BootParams\ChihuahuaOS.BootParams.csproj", "{B59CA61C-B3EB-4737-AB48-58D511B3D4B9}"
EndProject
Project("{FAE04EC0-301F-11D3-BF4B-00C04F79EFBC}") = "ChihuahuaOS.MinimalUtils", "StaticLibs\ChihuahuaOS.MinimalUtils\ChihuahuaOS.MinimalUtils.csproj", "{2B72FE10-A22D-4261-95ED-0AD2114ADC19}"
EndProject
Project("{FAE04EC0-301F-11D3-BF4B-00C04F79EFBC}") = "ChihuahuaOS.InitRd", "Kernel\ChihuahuaOS.InitRd\ChihuahuaOS.InitRd.csproj", "{5D2F041D-E809-4EB8-868A-5B071D35E680}"
EndProject
Project("{2150E333-8FDC-42A3-9474-1A3956D46DE8}") = "FileSystems", "FileSystems", "{530081D0-BC80-4711-85CC-5F7B4D8BF37F}"
EndProject
Project("{FAE04EC0-301F-11D3-BF4B-00C04F79EFBC}") = "ChihuahuaOS.Fs.Ustar", "StaticLibs/FileSystems/ChihuahuaOS.Fs.Ustar/ChihuahuaOS.Fs.Ustar.csproj", "{FD53BE7D-D121-47A2-828B-8C7A5168E40F}"
EndProject
Project("{2150E333-8FDC-42A3-9474-1A3956D46DE8}") = "CoreLib", "CoreLib", "{F6147F2F-9110-43B6-88DD-59168B5BF930}"
EndProject
Project("{FAE04EC0-301F-11D3-BF4B-00C04F79EFBC}") = "ChihuahuaOS.CoreLib.Kernel", "StaticLibs\CoreLib\ChihuahuaOS.CoreLib.Kernel\ChihuahuaOS.CoreLib.Kernel.csproj", "{B814DF32-4955-48A2-BAEF-CF51F6F587AE}"
EndProject
Global
	GlobalSection(SolutionConfigurationPlatforms) = preSolution
		Debug|Any CPU = Debug|Any CPU
		Release|Any CPU = Release|Any CPU
		DebugUefi|Any CPU = DebugUefi|Any CPU
		ReleaseUefi|Any CPU = ReleaseUefi|Any CPU
	EndGlobalSection
	GlobalSection(ProjectConfigurationPlatforms) = postSolution
		{F67A7C2B-CD0C-463B-BD40-E91A64568504}.Debug|Any CPU.ActiveCfg = Debug|Any CPU
		{F67A7C2B-CD0C-463B-BD40-E91A64568504}.Debug|Any CPU.Build.0 = Debug|Any CPU
		{F67A7C2B-CD0C-463B-BD40-E91A64568504}.Release|Any CPU.ActiveCfg = Release|Any CPU
		{F67A7C2B-CD0C-463B-BD40-E91A64568504}.Release|Any CPU.Build.0 = Release|Any CPU
		{F67A7C2B-CD0C-463B-BD40-E91A64568504}.DebugUefi|Any CPU.ActiveCfg = DebugUefi|Any CPU
		{F67A7C2B-CD0C-463B-BD40-E91A64568504}.DebugUefi|Any CPU.Build.0 = DebugUefi|Any CPU
		{F67A7C2B-CD0C-463B-BD40-E91A64568504}.ReleaseUefi|Any CPU.ActiveCfg = ReleaseUefi|Any CPU
		{F67A7C2B-CD0C-463B-BD40-E91A64568504}.ReleaseUefi|Any CPU.Build.0 = ReleaseUefi|Any CPU
		{38A64220-2E9C-47C7-B0C1-30326E60FF17}.Debug|Any CPU.ActiveCfg = Debug|Any CPU
		{38A64220-2E9C-47C7-B0C1-30326E60FF17}.Debug|Any CPU.Build.0 = Debug|Any CPU
		{38A64220-2E9C-47C7-B0C1-30326E60FF17}.Release|Any CPU.ActiveCfg = Release|Any CPU
		{38A64220-2E9C-47C7-B0C1-30326E60FF17}.Release|Any CPU.Build.0 = Release|Any CPU
		{38A64220-2E9C-47C7-B0C1-30326E60FF17}.DebugUefi|Any CPU.ActiveCfg = DebugUefi|Any CPU
		{38A64220-2E9C-47C7-B0C1-30326E60FF17}.DebugUefi|Any CPU.Build.0 = DebugUefi|Any CPU
		{38A64220-2E9C-47C7-B0C1-30326E60FF17}.ReleaseUefi|Any CPU.ActiveCfg = ReleaseUefi|Any CPU
		{38A64220-2E9C-47C7-B0C1-30326E60FF17}.ReleaseUefi|Any CPU.Build.0 = ReleaseUefi|Any CPU
		{26229BE9-4641-4CAE-BE98-3D439B205ACD}.Debug|Any CPU.ActiveCfg = Debug|Any CPU
		{26229BE9-4641-4CAE-BE98-3D439B205ACD}.Debug|Any CPU.Build.0 = Debug|Any CPU
		{26229BE9-4641-4CAE-BE98-3D439B205ACD}.Release|Any CPU.ActiveCfg = Release|Any CPU
		{26229BE9-4641-4CAE-BE98-3D439B205ACD}.Release|Any CPU.Build.0 = Release|Any CPU
		{26229BE9-4641-4CAE-BE98-3D439B205ACD}.DebugUefi|Any CPU.ActiveCfg = DebugUefi|Any CPU
		{26229BE9-4641-4CAE-BE98-3D439B205ACD}.DebugUefi|Any CPU.Build.0 = DebugUefi|Any CPU
		{26229BE9-4641-4CAE-BE98-3D439B205ACD}.ReleaseUefi|Any CPU.ActiveCfg = ReleaseUefi|Any CPU
		{26229BE9-4641-4CAE-BE98-3D439B205ACD}.ReleaseUefi|Any CPU.Build.0 = ReleaseUefi|Any CPU
		{CA1874C5-2862-4C53-A9D5-375B7F5E57D4}.Debug|Any CPU.ActiveCfg = Debug|Any CPU
		{CA1874C5-2862-4C53-A9D5-375B7F5E57D4}.Debug|Any CPU.Build.0 = Debug|Any CPU
		{CA1874C5-2862-4C53-A9D5-375B7F5E57D4}.Release|Any CPU.ActiveCfg = Release|Any CPU
		{CA1874C5-2862-4C53-A9D5-375B7F5E57D4}.Release|Any CPU.Build.0 = Release|Any CPU
		{CA1874C5-2862-4C53-A9D5-375B7F5E57D4}.DebugUefi|Any CPU.ActiveCfg = DebugUefi|Any CPU
		{CA1874C5-2862-4C53-A9D5-375B7F5E57D4}.DebugUefi|Any CPU.Build.0 = DebugUefi|Any CPU
		{CA1874C5-2862-4C53-A9D5-375B7F5E57D4}.ReleaseUefi|Any CPU.ActiveCfg = ReleaseUefi|Any CPU
		{CA1874C5-2862-4C53-A9D5-375B7F5E57D4}.ReleaseUefi|Any CPU.Build.0 = ReleaseUefi|Any CPU
		{1D757830-E194-4983-89F3-3217E2248990}.Debug|Any CPU.ActiveCfg = Debug|Any CPU
		{1D757830-E194-4983-89F3-3217E2248990}.Debug|Any CPU.Build.0 = Debug|Any CPU
		{1D757830-E194-4983-89F3-3217E2248990}.Release|Any CPU.ActiveCfg = Release|Any CPU
		{1D757830-E194-4983-89F3-3217E2248990}.Release|Any CPU.Build.0 = Release|Any CPU
		{1D757830-E194-4983-89F3-3217E2248990}.ReleaseUefi|Any CPU.ActiveCfg = ReleaseUefi|Any CPU
		{1D757830-E194-4983-89F3-3217E2248990}.ReleaseUefi|Any CPU.Build.0 = ReleaseUefi|Any CPU
		{1D757830-E194-4983-89F3-3217E2248990}.DebugUefi|Any CPU.ActiveCfg = DebugUefi|Any CPU
		{1D757830-E194-4983-89F3-3217E2248990}.DebugUefi|Any CPU.Build.0 = DebugUefi|Any CPU
		{D8A77994-D296-4B3B-A3F2-CA0E99B6219A}.Debug|Any CPU.ActiveCfg = Debug|Any CPU
		{D8A77994-D296-4B3B-A3F2-CA0E99B6219A}.Debug|Any CPU.Build.0 = Debug|Any CPU
		{D8A77994-D296-4B3B-A3F2-CA0E99B6219A}.Release|Any CPU.ActiveCfg = Release|Any CPU
		{D8A77994-D296-4B3B-A3F2-CA0E99B6219A}.Release|Any CPU.Build.0 = Release|Any CPU
		{D8A77994-D296-4B3B-A3F2-CA0E99B6219A}.ReleaseUefi|Any CPU.ActiveCfg = ReleaseUefi|Any CPU
		{D8A77994-D296-4B3B-A3F2-CA0E99B6219A}.ReleaseUefi|Any CPU.Build.0 = ReleaseUefi|Any CPU
		{D8A77994-D296-4B3B-A3F2-CA0E99B6219A}.DebugUefi|Any CPU.ActiveCfg = DebugUefi|Any CPU
		{D8A77994-D296-4B3B-A3F2-CA0E99B6219A}.DebugUefi|Any CPU.Build.0 = DebugUefi|Any CPU
		{21886A49-EC82-4D86-8ECE-1AC728973765}.Debug|Any CPU.ActiveCfg = Debug|Any CPU
		{21886A49-EC82-4D86-8ECE-1AC728973765}.Debug|Any CPU.Build.0 = Debug|Any CPU
		{21886A49-EC82-4D86-8ECE-1AC728973765}.Release|Any CPU.ActiveCfg = Release|Any CPU
		{21886A49-EC82-4D86-8ECE-1AC728973765}.Release|Any CPU.Build.0 = Release|Any CPU
		{21886A49-EC82-4D86-8ECE-1AC728973765}.DebugUefi|Any CPU.ActiveCfg = Debug|Any CPU
		{21886A49-EC82-4D86-8ECE-1AC728973765}.DebugUefi|Any CPU.Build.0 = Debug|Any CPU
		{21886A49-EC82-4D86-8ECE-1AC728973765}.ReleaseUefi|Any CPU.ActiveCfg = Debug|Any CPU
		{21886A49-EC82-4D86-8ECE-1AC728973765}.ReleaseUefi|Any CPU.Build.0 = Debug|Any CPU
		{B59CA61C-B3EB-4737-AB48-58D511B3D4B9}.Debug|Any CPU.ActiveCfg = Debug|Any CPU
		{B59CA61C-B3EB-4737-AB48-58D511B3D4B9}.Debug|Any CPU.Build.0 = Debug|Any CPU
		{B59CA61C-B3EB-4737-AB48-58D511B3D4B9}.Release|Any CPU.ActiveCfg = Release|Any CPU
		{B59CA61C-B3EB-4737-AB48-58D511B3D4B9}.Release|Any CPU.Build.0 = Release|Any CPU
		{B59CA61C-B3EB-4737-AB48-58D511B3D4B9}.ReleaseUefi|Any CPU.ActiveCfg = ReleaseUefi|Any CPU
		{B59CA61C-B3EB-4737-AB48-58D511B3D4B9}.ReleaseUefi|Any CPU.Build.0 = ReleaseUefi|Any CPU
		{B59CA61C-B3EB-4737-AB48-58D511B3D4B9}.DebugUefi|Any CPU.ActiveCfg = DebugUefi|Any CPU
		{B59CA61C-B3EB-4737-AB48-58D511B3D4B9}.DebugUefi|Any CPU.Build.0 = DebugUefi|Any CPU
		{2B72FE10-A22D-4261-95ED-0AD2114ADC19}.Debug|Any CPU.ActiveCfg = Debug|Any CPU
		{2B72FE10-A22D-4261-95ED-0AD2114ADC19}.Debug|Any CPU.Build.0 = Debug|Any CPU
		{2B72FE10-A22D-4261-95ED-0AD2114ADC19}.Release|Any CPU.ActiveCfg = Release|Any CPU
		{2B72FE10-A22D-4261-95ED-0AD2114ADC19}.Release|Any CPU.Build.0 = Release|Any CPU
		{2B72FE10-A22D-4261-95ED-0AD2114ADC19}.ReleaseUefi|Any CPU.ActiveCfg = ReleaseUefi|Any CPU
		{2B72FE10-A22D-4261-95ED-0AD2114ADC19}.ReleaseUefi|Any CPU.Build.0 = ReleaseUefi|Any CPU
		{2B72FE10-A22D-4261-95ED-0AD2114ADC19}.DebugUefi|Any CPU.ActiveCfg = DebugUefi|Any CPU
		{2B72FE10-A22D-4261-95ED-0AD2114ADC19}.DebugUefi|Any CPU.Build.0 = DebugUefi|Any CPU
		{5D2F041D-E809-4EB8-868A-5B071D35E680}.Debug|Any CPU.ActiveCfg = Debug|Any CPU
		{5D2F041D-E809-4EB8-868A-5B071D35E680}.Debug|Any CPU.Build.0 = Debug|Any CPU
		{5D2F041D-E809-4EB8-868A-5B071D35E680}.Release|Any CPU.ActiveCfg = Release|Any CPU
		{5D2F041D-E809-4EB8-868A-5B071D35E680}.Release|Any CPU.Build.0 = Release|Any CPU
		{5D2F041D-E809-4EB8-868A-5B071D35E680}.DebugUefi|Any CPU.ActiveCfg = Debug|Any CPU
		{5D2F041D-E809-4EB8-868A-5B071D35E680}.DebugUefi|Any CPU.Build.0 = Debug|Any CPU
		{5D2F041D-E809-4EB8-868A-5B071D35E680}.ReleaseUefi|Any CPU.ActiveCfg = Debug|Any CPU
		{5D2F041D-E809-4EB8-868A-5B071D35E680}.ReleaseUefi|Any CPU.Build.0 = Debug|Any CPU
		{FD53BE7D-D121-47A2-828B-8C7A5168E40F}.Debug|Any CPU.ActiveCfg = Debug|Any CPU
		{FD53BE7D-D121-47A2-828B-8C7A5168E40F}.Debug|Any CPU.Build.0 = Debug|Any CPU
		{FD53BE7D-D121-47A2-828B-8C7A5168E40F}.Release|Any CPU.ActiveCfg = Release|Any CPU
		{FD53BE7D-D121-47A2-828B-8C7A5168E40F}.Release|Any CPU.Build.0 = Release|Any CPU
		{FD53BE7D-D121-47A2-828B-8C7A5168E40F}.DebugUefi|Any CPU.ActiveCfg = Debug|Any CPU
		{FD53BE7D-D121-47A2-828B-8C7A5168E40F}.DebugUefi|Any CPU.Build.0 = Debug|Any CPU
		{FD53BE7D-D121-47A2-828B-8C7A5168E40F}.ReleaseUefi|Any CPU.ActiveCfg = Debug|Any CPU
		{FD53BE7D-D121-47A2-828B-8C7A5168E40F}.ReleaseUefi|Any CPU.Build.0 = Debug|Any CPU
		{B814DF32-4955-48A2-BAEF-CF51F6F587AE}.Debug|Any CPU.ActiveCfg = Debug|Any CPU
		{B814DF32-4955-48A2-BAEF-CF51F6F587AE}.Debug|Any CPU.Build.0 = Debug|Any CPU
		{B814DF32-4955-48A2-BAEF-CF51F6F587AE}.Release|Any CPU.ActiveCfg = Release|Any CPU
		{B814DF32-4955-48A2-BAEF-CF51F6F587AE}.Release|Any CPU.Build.0 = Release|Any CPU
		{B814DF32-4955-48A2-BAEF-CF51F6F587AE}.DebugUefi|Any CPU.ActiveCfg = Debug|Any CPU
		{B814DF32-4955-48A2-BAEF-CF51F6F587AE}.DebugUefi|Any CPU.Build.0 = Debug|Any CPU
		{B814DF32-4955-48A2-BAEF-CF51F6F587AE}.ReleaseUefi|Any CPU.ActiveCfg = Debug|Any CPU
		{B814DF32-4955-48A2-BAEF-CF51F6F587AE}.ReleaseUefi|Any CPU.Build.0 = Debug|Any CPU
	EndGlobalSection
	GlobalSection(RiderSharedRunConfigurations) = postSolution
		File = .run\Run_QEMU.run.xml
	EndGlobalSection
	GlobalSection(NestedProjects) = preSolution
		{26229BE9-4641-4CAE-BE98-3D439B205ACD} = {EE7AB17E-E8F9-4D30-B31E-9741B5AC8FC2}
		{F67A7C2B-CD0C-463B-BD40-E91A64568504} = {EE7AB17E-E8F9-4D30-B31E-9741B5AC8FC2}
		{1D757830-E194-4983-89F3-3217E2248990} = {CC772E6E-E554-4CB9-BB09-4B10C1827C84}
		{D8A77994-D296-4B3B-A3F2-CA0E99B6219A} = {CC772E6E-E554-4CB9-BB09-4B10C1827C84}
		{21886A49-EC82-4D86-8ECE-1AC728973765} = {73149CBB-AB1C-42E1-B1F8-91E88B62F337}
		{B59CA61C-B3EB-4737-AB48-58D511B3D4B9} = {EE7AB17E-E8F9-4D30-B31E-9741B5AC8FC2}
		{2B72FE10-A22D-4261-95ED-0AD2114ADC19} = {CC772E6E-E554-4CB9-BB09-4B10C1827C84}
		{5D2F041D-E809-4EB8-868A-5B071D35E680} = {73149CBB-AB1C-42E1-B1F8-91E88B62F337}
		{530081D0-BC80-4711-85CC-5F7B4D8BF37F} = {CC772E6E-E554-4CB9-BB09-4B10C1827C84}
		{FD53BE7D-D121-47A2-828B-8C7A5168E40F} = {530081D0-BC80-4711-85CC-5F7B4D8BF37F}
		{F6147F2F-9110-43B6-88DD-59168B5BF930} = {CC772E6E-E554-4CB9-BB09-4B10C1827C84}
		{CA1874C5-2862-4C53-A9D5-375B7F5E57D4} = {F6147F2F-9110-43B6-88DD-59168B5BF930}
		{38A64220-2E9C-47C7-B0C1-30326E60FF17} = {F6147F2F-9110-43B6-88DD-59168B5BF930}
		{B814DF32-4955-48A2-BAEF-CF51F6F587AE} = {F6147F2F-9110-43B6-88DD-59168B5BF930}
	EndGlobalSection
EndGlobal
