
Microsoft Visual Studio Solution File, Format Version 12.00
Project("{FAE04EC0-301F-11D3-BF4B-00C04F79EFBC}") = "ChihuahuaOS.Bootloader", "Boot/ChihuahuaOS.Bootloader/ChihuahuaOS.Bootloader.csproj", "{F67A7C2B-CD0C-463B-BD40-E91A64568504}"
EndProject
Project("{FAE04EC0-301F-11D3-BF4B-00C04F79EFBC}") = "ChihuahuaOS.CoreLib", "StaticLibs/ChihuahuaOS.CoreLib/ChihuahuaOS.CoreLib.csproj", "{38A64220-2E9C-47C7-B0C1-30326E60FF17}"
EndProject
Project("{FAE04EC0-301F-11D3-BF4B-00C04F79EFBC}") = "ChihuahuaOS.EfiApi", "Boot/ChihuahuaOS.EfiApi/ChihuahuaOS.EfiApi.csproj", "{26229BE9-4641-4CAE-BE98-3D439B205ACD}"
EndProject
Project("{FAE04EC0-301F-11D3-BF4B-00C04F79EFBC}") = "ChihuahuaOS.CoreLib.Efi", "StaticLibs\ChihuahuaOS.CoreLib.Efi\ChihuahuaOS.CoreLib.Efi.csproj", "{CA1874C5-2862-4C53-A9D5-375B7F5E57D4}"
EndProject
Project("{2150E333-8FDC-42A3-9474-1A3956D46DE8}") = "Boot", "Boot", "{EE7AB17E-E8F9-4D30-B31E-9741B5AC8FC2}"
EndProject
Project("{2150E333-8FDC-42A3-9474-1A3956D46DE8}") = "StaticLibs", "StaticLibs", "{CC772E6E-E554-4CB9-BB09-4B10C1827C84}"
EndProject
Project("{FAE04EC0-301F-11D3-BF4B-00C04F79EFBC}") = "ChihuahuaOS.MemPaginator", "StaticLibs\ChihuahuaOS.MemPaginator\ChihuahuaOS.MemPaginator.csproj", "{1D757830-E194-4983-89F3-3217E2248990}"
EndProject
Project("{FAE04EC0-301F-11D3-BF4B-00C04F79EFBC}") = "ChihuahuaOS.Elf", "StaticLibs\ChihuahuaOS.Elf\ChihuahuaOS.Elf.csproj", "{D8A77994-D296-4B3B-A3F2-CA0E99B6219A}"
EndProject
Project("{2150E333-8FDC-42A3-9474-1A3956D46DE8}") = "Kernel", "Kernel", "{73149CBB-AB1C-42E1-B1F8-91E88B62F337}"
EndProject
Project("{FAE04EC0-301F-11D3-BF4B-00C04F79EFBC}") = "ChihuahuaOS.Kernel", "Kernel\ChihuahuaOS.Kernel\ChihuahuaOS.Kernel.csproj", "{21886A49-EC82-4D86-8ECE-1AC728973765}"
EndProject
Global
	GlobalSection(SolutionConfigurationPlatforms) = preSolution
		Debug|Any CPU = Debug|Any CPU
		Release|Any CPU = Release|Any CPU
		DebugUefi|Any CPU = DebugUefi|Any CPU
		ReleaseUefi|Any CPU = ReleaseUefi|Any CPU
	EndGlobalSection
	GlobalSection(ProjectConfigurationPlatforms) = postSolution
		{F67A7C2B-CD0C-463B-BD40-E91A64568504}.Debug|Any CPU.ActiveCfg = Debug|Any CPU
		{F67A7C2B-CD0C-463B-BD40-E91A64568504}.Debug|Any CPU.Build.0 = Debug|Any CPU
		{F67A7C2B-CD0C-463B-BD40-E91A64568504}.Release|Any CPU.ActiveCfg = Release|Any CPU
		{F67A7C2B-CD0C-463B-BD40-E91A64568504}.Release|Any CPU.Build.0 = Release|Any CPU
		{F67A7C2B-CD0C-463B-BD40-E91A64568504}.DebugUefi|Any CPU.ActiveCfg = DebugUefi|Any CPU
		{F67A7C2B-CD0C-463B-BD40-E91A64568504}.DebugUefi|Any CPU.Build.0 = DebugUefi|Any CPU
		{F67A7C2B-CD0C-463B-BD40-E91A64568504}.ReleaseUefi|Any CPU.ActiveCfg = ReleaseUefi|Any CPU
		{F67A7C2B-CD0C-463B-BD40-E91A64568504}.ReleaseUefi|Any CPU.Build.0 = ReleaseUefi|Any CPU
		{38A64220-2E9C-47C7-B0C1-30326E60FF17}.Debug|Any CPU.ActiveCfg = Debug|Any CPU
		{38A64220-2E9C-47C7-B0C1-30326E60FF17}.Debug|Any CPU.Build.0 = Debug|Any CPU
		{38A64220-2E9C-47C7-B0C1-30326E60FF17}.Release|Any CPU.ActiveCfg = Release|Any CPU
		{38A64220-2E9C-47C7-B0C1-30326E60FF17}.Release|Any CPU.Build.0 = Release|Any CPU
		{38A64220-2E9C-47C7-B0C1-30326E60FF17}.DebugUefi|Any CPU.ActiveCfg = DebugUefi|Any CPU
		{38A64220-2E9C-47C7-B0C1-30326E60FF17}.DebugUefi|Any CPU.Build.0 = DebugUefi|Any CPU
		{38A64220-2E9C-47C7-B0C1-30326E60FF17}.ReleaseUefi|Any CPU.ActiveCfg = ReleaseUefi|Any CPU
		{38A64220-2E9C-47C7-B0C1-30326E60FF17}.ReleaseUefi|Any CPU.Build.0 = ReleaseUefi|Any CPU
		{26229BE9-4641-4CAE-BE98-3D439B205ACD}.Debug|Any CPU.ActiveCfg = Debug|Any CPU
		{26229BE9-4641-4CAE-BE98-3D439B205ACD}.Debug|Any CPU.Build.0 = Debug|Any CPU
		{26229BE9-4641-4CAE-BE98-3D439B205ACD}.Release|Any CPU.ActiveCfg = Release|Any CPU
		{26229BE9-4641-4CAE-BE98-3D439B205ACD}.Release|Any CPU.Build.0 = Release|Any CPU
		{26229BE9-4641-4CAE-BE98-3D439B205ACD}.DebugUefi|Any CPU.ActiveCfg = DebugUefi|Any CPU
		{26229BE9-4641-4CAE-BE98-3D439B205ACD}.DebugUefi|Any CPU.Build.0 = DebugUefi|Any CPU
		{26229BE9-4641-4CAE-BE98-3D439B205ACD}.ReleaseUefi|Any CPU.ActiveCfg = ReleaseUefi|Any CPU
		{26229BE9-4641-4CAE-BE98-3D439B205ACD}.ReleaseUefi|Any CPU.Build.0 = ReleaseUefi|Any CPU
		{CA1874C5-2862-4C53-A9D5-375B7F5E57D4}.Debug|Any CPU.ActiveCfg = Debug|Any CPU
		{CA1874C5-2862-4C53-A9D5-375B7F5E57D4}.Debug|Any CPU.Build.0 = Debug|Any CPU
		{CA1874C5-2862-4C53-A9D5-375B7F5E57D4}.Release|Any CPU.ActiveCfg = Release|Any CPU
		{CA1874C5-2862-4C53-A9D5-375B7F5E57D4}.Release|Any CPU.Build.0 = Release|Any CPU
		{CA1874C5-2862-4C53-A9D5-375B7F5E57D4}.DebugUefi|Any CPU.ActiveCfg = DebugUefi|Any CPU
		{CA1874C5-2862-4C53-A9D5-375B7F5E57D4}.DebugUefi|Any CPU.Build.0 = DebugUefi|Any CPU
		{CA1874C5-2862-4C53-A9D5-375B7F5E57D4}.ReleaseUefi|Any CPU.ActiveCfg = ReleaseUefi|Any CPU
		{CA1874C5-2862-4C53-A9D5-375B7F5E57D4}.ReleaseUefi|Any CPU.Build.0 = ReleaseUefi|Any CPU
		{1D757830-E194-4983-89F3-3217E2248990}.Debug|Any CPU.ActiveCfg = Debug|Any CPU
		{1D757830-E194-4983-89F3-3217E2248990}.Debug|Any CPU.Build.0 = Debug|Any CPU
		{1D757830-E194-4983-89F3-3217E2248990}.Release|Any CPU.ActiveCfg = Release|Any CPU
		{1D757830-E194-4983-89F3-3217E2248990}.Release|Any CPU.Build.0 = Release|Any CPU
		{1D757830-E194-4983-89F3-3217E2248990}.DebugUefi|Any CPU.ActiveCfg = Debug|Any CPU
		{1D757830-E194-4983-89F3-3217E2248990}.DebugUefi|Any CPU.Build.0 = Debug|Any CPU
		{1D757830-E194-4983-89F3-3217E2248990}.ReleaseUefi|Any CPU.ActiveCfg = ReleaseUefi|Any CPU
		{1D757830-E194-4983-89F3-3217E2248990}.ReleaseUefi|Any CPU.Build.0 = ReleaseUefi|Any CPU
		{D8A77994-D296-4B3B-A3F2-CA0E99B6219A}.Debug|Any CPU.ActiveCfg = Debug|Any CPU
		{D8A77994-D296-4B3B-A3F2-CA0E99B6219A}.Debug|Any CPU.Build.0 = Debug|Any CPU
		{D8A77994-D296-4B3B-A3F2-CA0E99B6219A}.Release|Any CPU.ActiveCfg = Release|Any CPU
		{D8A77994-D296-4B3B-A3F2-CA0E99B6219A}.Release|Any CPU.Build.0 = Release|Any CPU
		{D8A77994-D296-4B3B-A3F2-CA0E99B6219A}.DebugUefi|Any CPU.ActiveCfg = Debug|Any CPU
		{D8A77994-D296-4B3B-A3F2-CA0E99B6219A}.DebugUefi|Any CPU.Build.0 = Debug|Any CPU
		{D8A77994-D296-4B3B-A3F2-CA0E99B6219A}.ReleaseUefi|Any CPU.ActiveCfg = ReleaseUefi|Any CPU
		{D8A77994-D296-4B3B-A3F2-CA0E99B6219A}.ReleaseUefi|Any CPU.Build.0 = ReleaseUefi|Any CPU
		{21886A49-EC82-4D86-8ECE-1AC728973765}.Debug|Any CPU.ActiveCfg = Debug|Any CPU
		{21886A49-EC82-4D86-8ECE-1AC728973765}.Debug|Any CPU.Build.0 = Debug|Any CPU
		{21886A49-EC82-4D86-8ECE-1AC728973765}.Release|Any CPU.ActiveCfg = Release|Any CPU
		{21886A49-EC82-4D86-8ECE-1AC728973765}.Release|Any CPU.Build.0 = Release|Any CPU
		{21886A49-EC82-4D86-8ECE-1AC728973765}.DebugUefi|Any CPU.ActiveCfg = Debug|Any CPU
		{21886A49-EC82-4D86-8ECE-1AC728973765}.DebugUefi|Any CPU.Build.0 = Debug|Any CPU
		{21886A49-EC82-4D86-8ECE-1AC728973765}.ReleaseUefi|Any CPU.ActiveCfg = Debug|Any CPU
		{21886A49-EC82-4D86-8ECE-1AC728973765}.ReleaseUefi|Any CPU.Build.0 = Debug|Any CPU
	EndGlobalSection
	GlobalSection(RiderSharedRunConfigurations) = postSolution
		File = .run\Run_QEMU.run.xml
	EndGlobalSection
	GlobalSection(NestedProjects) = preSolution
		{26229BE9-4641-4CAE-BE98-3D439B205ACD} = {EE7AB17E-E8F9-4D30-B31E-9741B5AC8FC2}
		{F67A7C2B-CD0C-463B-BD40-E91A64568504} = {EE7AB17E-E8F9-4D30-B31E-9741B5AC8FC2}
		{38A64220-2E9C-47C7-B0C1-30326E60FF17} = {CC772E6E-E554-4CB9-BB09-4B10C1827C84}
		{CA1874C5-2862-4C53-A9D5-375B7F5E57D4} = {CC772E6E-E554-4CB9-BB09-4B10C1827C84}
		{1D757830-E194-4983-89F3-3217E2248990} = {CC772E6E-E554-4CB9-BB09-4B10C1827C84}
		{D8A77994-D296-4B3B-A3F2-CA0E99B6219A} = {CC772E6E-E554-4CB9-BB09-4B10C1827C84}
		{21886A49-EC82-4D86-8ECE-1AC728973765} = {73149CBB-AB1C-42E1-B1F8-91E88B62F337}
	EndGlobalSection
EndGlobal
